
Microsoft Visual Studio Solution File, Format Version 12.00
# Visual Studio Version 16
VisualStudioVersion = 16.0.30114.105
MinimumVisualStudioVersion = 10.0.40219.1
Project("{2150E333-8FDC-42A3-9474-1A3956D46DE8}") = "src", "src", "{5FB21982-566D-4BAE-8186-02CD26736EEF}"
EndProject
Project("{2150E333-8FDC-42A3-9474-1A3956D46DE8}") = "1-Application", "1-Application", "{27BB0FF1-D016-436D-B713-DA0AD16C3BB1}"
EndProject
Project("{2150E333-8FDC-42A3-9474-1A3956D46DE8}") = "2-Domain", "2-Domain", "{70C613EC-7315-4884-B75C-122EAF246023}"
EndProject
Project("{9A19103F-16F7-4668-BE54-9A1E7A4F7556}") = "CadastroMotorista.Domain", "src\2-Domain\CadastroMotorista.Domain\CadastroMotorista.Domain.csproj", "{0EA70F84-F9DA-4791-A2B0-36B80B5E2078}"
EndProject
Project("{2150E333-8FDC-42A3-9474-1A3956D46DE8}") = "3-Service", "3-Service", "{C4CAE96D-9785-402A-8210-30D8E6C561BB}"
EndProject
Project("{9A19103F-16F7-4668-BE54-9A1E7A4F7556}") = "CadastroMotorista.Service", "src\3-Service\CadastroMotorista.Service\CadastroMotorista.Service.csproj", "{DF13A54E-E9F7-4BC2-8960-9AD33E7160E5}"
EndProject
Project("{2150E333-8FDC-42A3-9474-1A3956D46DE8}") = "4-Infra", "4-Infra", "{DF3A271A-1B1B-4544-A25F-4A25463798CB}"
EndProject
Project("{2150E333-8FDC-42A3-9474-1A3956D46DE8}") = "4.1-Data", "4.1-Data", "{BB57695C-90D5-45E6-A7B5-40EA83AF1507}"
EndProject
Project("{9A19103F-16F7-4668-BE54-9A1E7A4F7556}") = "CadastroMotorista.Infra.Data", "src\4-Infra\4.1-Data\CadastroMotorista.Infra.Data\CadastroMotorista.Infra.Data.csproj", "{612A8471-FD43-40EF-B071-8CC4418832B0}"
EndProject
Project("{2150E333-8FDC-42A3-9474-1A3956D46DE8}") = "4.2-CrossCutting", "4.2-CrossCutting", "{A6CDD3BE-5232-4F54-9F02-CC1EF9B3830B}"
EndProject
Project("{9A19103F-16F7-4668-BE54-9A1E7A4F7556}") = "CadastroMotorista.Infra.CrossCutting", "src\4-Infra\4.2-CrossCutting\CadastroMotorista.Infra.CrossCutting\CadastroMotorista.Infra.CrossCutting.csproj", "{A39F5774-F79A-4633-B95F-073EB73C511F}"
EndProject
Project("{2150E333-8FDC-42A3-9474-1A3956D46DE8}") = "4.3-Shared", "4.3-Shared", "{91D6DE55-7A11-451A-A7E6-DB2513D7AFDC}"
EndProject
Project("{9A19103F-16F7-4668-BE54-9A1E7A4F7556}") = "CadastroMotorista.Infra.Shared", "src\4-Infra\4.3-Shared\CadastroMotorista.Infra.Shared\CadastroMotorista.Infra.Shared.csproj", "{CC750FAC-8678-4A18-B4F5-46BDBDC03224}"
EndProject
Project("{FAE04EC0-301F-11D3-BF4B-00C04F79EFBC}") = "CadastroMotorista.Portal", "src\1-Application\CadastroMotorista.Portal\CadastroMotorista.Portal.csproj", "{9F97267E-FEF5-4E23-BB4A-655F5EA4CCE8}"
EndProject
Global
	GlobalSection(SolutionConfigurationPlatforms) = preSolution
		Debug|Any CPU = Debug|Any CPU
		Debug|x64 = Debug|x64
		Debug|x86 = Debug|x86
		Release|Any CPU = Release|Any CPU
		Release|x64 = Release|x64
		Release|x86 = Release|x86
	EndGlobalSection
	GlobalSection(ProjectConfigurationPlatforms) = postSolution
		{0EA70F84-F9DA-4791-A2B0-36B80B5E2078}.Debug|Any CPU.ActiveCfg = Debug|Any CPU
		{0EA70F84-F9DA-4791-A2B0-36B80B5E2078}.Debug|Any CPU.Build.0 = Debug|Any CPU
		{0EA70F84-F9DA-4791-A2B0-36B80B5E2078}.Debug|x64.ActiveCfg = Debug|Any CPU
		{0EA70F84-F9DA-4791-A2B0-36B80B5E2078}.Debug|x64.Build.0 = Debug|Any CPU
		{0EA70F84-F9DA-4791-A2B0-36B80B5E2078}.Debug|x86.ActiveCfg = Debug|Any CPU
		{0EA70F84-F9DA-4791-A2B0-36B80B5E2078}.Debug|x86.Build.0 = Debug|Any CPU
		{0EA70F84-F9DA-4791-A2B0-36B80B5E2078}.Release|Any CPU.ActiveCfg = Release|Any CPU
		{0EA70F84-F9DA-4791-A2B0-36B80B5E2078}.Release|Any CPU.Build.0 = Release|Any CPU
		{0EA70F84-F9DA-4791-A2B0-36B80B5E2078}.Release|x64.ActiveCfg = Release|Any CPU
		{0EA70F84-F9DA-4791-A2B0-36B80B5E2078}.Release|x64.Build.0 = Release|Any CPU
		{0EA70F84-F9DA-4791-A2B0-36B80B5E2078}.Release|x86.ActiveCfg = Release|Any CPU
		{0EA70F84-F9DA-4791-A2B0-36B80B5E2078}.Release|x86.Build.0 = Release|Any CPU
		{DF13A54E-E9F7-4BC2-8960-9AD33E7160E5}.Debug|Any CPU.ActiveCfg = Debug|Any CPU
		{DF13A54E-E9F7-4BC2-8960-9AD33E7160E5}.Debug|Any CPU.Build.0 = Debug|Any CPU
		{DF13A54E-E9F7-4BC2-8960-9AD33E7160E5}.Debug|x64.ActiveCfg = Debug|Any CPU
		{DF13A54E-E9F7-4BC2-8960-9AD33E7160E5}.Debug|x64.Build.0 = Debug|Any CPU
		{DF13A54E-E9F7-4BC2-8960-9AD33E7160E5}.Debug|x86.ActiveCfg = Debug|Any CPU
		{DF13A54E-E9F7-4BC2-8960-9AD33E7160E5}.Debug|x86.Build.0 = Debug|Any CPU
		{DF13A54E-E9F7-4BC2-8960-9AD33E7160E5}.Release|Any CPU.ActiveCfg = Release|Any CPU
		{DF13A54E-E9F7-4BC2-8960-9AD33E7160E5}.Release|Any CPU.Build.0 = Release|Any CPU
		{DF13A54E-E9F7-4BC2-8960-9AD33E7160E5}.Release|x64.ActiveCfg = Release|Any CPU
		{DF13A54E-E9F7-4BC2-8960-9AD33E7160E5}.Release|x64.Build.0 = Release|Any CPU
		{DF13A54E-E9F7-4BC2-8960-9AD33E7160E5}.Release|x86.ActiveCfg = Release|Any CPU
		{DF13A54E-E9F7-4BC2-8960-9AD33E7160E5}.Release|x86.Build.0 = Release|Any CPU
		{612A8471-FD43-40EF-B071-8CC4418832B0}.Debug|Any CPU.ActiveCfg = Debug|Any CPU
		{612A8471-FD43-40EF-B071-8CC4418832B0}.Debug|Any CPU.Build.0 = Debug|Any CPU
		{612A8471-FD43-40EF-B071-8CC4418832B0}.Debug|x64.ActiveCfg = Debug|Any CPU
		{612A8471-FD43-40EF-B071-8CC4418832B0}.Debug|x64.Build.0 = Debug|Any CPU
		{612A8471-FD43-40EF-B071-8CC4418832B0}.Debug|x86.ActiveCfg = Debug|Any CPU
		{612A8471-FD43-40EF-B071-8CC4418832B0}.Debug|x86.Build.0 = Debug|Any CPU
		{612A8471-FD43-40EF-B071-8CC4418832B0}.Release|Any CPU.ActiveCfg = Release|Any CPU
		{612A8471-FD43-40EF-B071-8CC4418832B0}.Release|Any CPU.Build.0 = Release|Any CPU
		{612A8471-FD43-40EF-B071-8CC4418832B0}.Release|x64.ActiveCfg = Release|Any CPU
		{612A8471-FD43-40EF-B071-8CC4418832B0}.Release|x64.Build.0 = Release|Any CPU
		{612A8471-FD43-40EF-B071-8CC4418832B0}.Release|x86.ActiveCfg = Release|Any CPU
		{612A8471-FD43-40EF-B071-8CC4418832B0}.Release|x86.Build.0 = Release|Any CPU
		{A39F5774-F79A-4633-B95F-073EB73C511F}.Debug|Any CPU.ActiveCfg = Debug|Any CPU
		{A39F5774-F79A-4633-B95F-073EB73C511F}.Debug|Any CPU.Build.0 = Debug|Any CPU
		{A39F5774-F79A-4633-B95F-073EB73C511F}.Debug|x64.ActiveCfg = Debug|Any CPU
		{A39F5774-F79A-4633-B95F-073EB73C511F}.Debug|x64.Build.0 = Debug|Any CPU
		{A39F5774-F79A-4633-B95F-073EB73C511F}.Debug|x86.ActiveCfg = Debug|Any CPU
		{A39F5774-F79A-4633-B95F-073EB73C511F}.Debug|x86.Build.0 = Debug|Any CPU
		{A39F5774-F79A-4633-B95F-073EB73C511F}.Release|Any CPU.ActiveCfg = Release|Any CPU
		{A39F5774-F79A-4633-B95F-073EB73C511F}.Release|Any CPU.Build.0 = Release|Any CPU
		{A39F5774-F79A-4633-B95F-073EB73C511F}.Release|x64.ActiveCfg = Release|Any CPU
		{A39F5774-F79A-4633-B95F-073EB73C511F}.Release|x64.Build.0 = Release|Any CPU
		{A39F5774-F79A-4633-B95F-073EB73C511F}.Release|x86.ActiveCfg = Release|Any CPU
		{A39F5774-F79A-4633-B95F-073EB73C511F}.Release|x86.Build.0 = Release|Any CPU
		{CC750FAC-8678-4A18-B4F5-46BDBDC03224}.Debug|Any CPU.ActiveCfg = Debug|Any CPU
		{CC750FAC-8678-4A18-B4F5-46BDBDC03224}.Debug|Any CPU.Build.0 = Debug|Any CPU
		{CC750FAC-8678-4A18-B4F5-46BDBDC03224}.Debug|x64.ActiveCfg = Debug|Any CPU
		{CC750FAC-8678-4A18-B4F5-46BDBDC03224}.Debug|x64.Build.0 = Debug|Any CPU
		{CC750FAC-8678-4A18-B4F5-46BDBDC03224}.Debug|x86.ActiveCfg = Debug|Any CPU
		{CC750FAC-8678-4A18-B4F5-46BDBDC03224}.Debug|x86.Build.0 = Debug|Any CPU
		{CC750FAC-8678-4A18-B4F5-46BDBDC03224}.Release|Any CPU.ActiveCfg = Release|Any CPU
		{CC750FAC-8678-4A18-B4F5-46BDBDC03224}.Release|Any CPU.Build.0 = Release|Any CPU
		{CC750FAC-8678-4A18-B4F5-46BDBDC03224}.Release|x64.ActiveCfg = Release|Any CPU
		{CC750FAC-8678-4A18-B4F5-46BDBDC03224}.Release|x64.Build.0 = Release|Any CPU
		{CC750FAC-8678-4A18-B4F5-46BDBDC03224}.Release|x86.ActiveCfg = Release|Any CPU
		{CC750FAC-8678-4A18-B4F5-46BDBDC03224}.Release|x86.Build.0 = Release|Any CPU
		{9F97267E-FEF5-4E23-BB4A-655F5EA4CCE8}.Debug|Any CPU.ActiveCfg = Debug|Any CPU
		{9F97267E-FEF5-4E23-BB4A-655F5EA4CCE8}.Debug|Any CPU.Build.0 = Debug|Any CPU
		{9F97267E-FEF5-4E23-BB4A-655F5EA4CCE8}.Debug|x64.ActiveCfg = Debug|Any CPU
		{9F97267E-FEF5-4E23-BB4A-655F5EA4CCE8}.Debug|x64.Build.0 = Debug|Any CPU
		{9F97267E-FEF5-4E23-BB4A-655F5EA4CCE8}.Debug|x86.ActiveCfg = Debug|Any CPU
		{9F97267E-FEF5-4E23-BB4A-655F5EA4CCE8}.Debug|x86.Build.0 = Debug|Any CPU
		{9F97267E-FEF5-4E23-BB4A-655F5EA4CCE8}.Release|Any CPU.ActiveCfg = Release|Any CPU
		{9F97267E-FEF5-4E23-BB4A-655F5EA4CCE8}.Release|Any CPU.Build.0 = Release|Any CPU
		{9F97267E-FEF5-4E23-BB4A-655F5EA4CCE8}.Release|x64.ActiveCfg = Release|Any CPU
		{9F97267E-FEF5-4E23-BB4A-655F5EA4CCE8}.Release|x64.Build.0 = Release|Any CPU
		{9F97267E-FEF5-4E23-BB4A-655F5EA4CCE8}.Release|x86.ActiveCfg = Release|Any CPU
		{9F97267E-FEF5-4E23-BB4A-655F5EA4CCE8}.Release|x86.Build.0 = Release|Any CPU
	EndGlobalSection
	GlobalSection(SolutionProperties) = preSolution
		HideSolutionNode = FALSE
	EndGlobalSection
	GlobalSection(NestedProjects) = preSolution
		{27BB0FF1-D016-436D-B713-DA0AD16C3BB1} = {5FB21982-566D-4BAE-8186-02CD26736EEF}
		{70C613EC-7315-4884-B75C-122EAF246023} = {5FB21982-566D-4BAE-8186-02CD26736EEF}
		{0EA70F84-F9DA-4791-A2B0-36B80B5E2078} = {70C613EC-7315-4884-B75C-122EAF246023}
		{C4CAE96D-9785-402A-8210-30D8E6C561BB} = {5FB21982-566D-4BAE-8186-02CD26736EEF}
		{DF13A54E-E9F7-4BC2-8960-9AD33E7160E5} = {C4CAE96D-9785-402A-8210-30D8E6C561BB}
		{DF3A271A-1B1B-4544-A25F-4A25463798CB} = {5FB21982-566D-4BAE-8186-02CD26736EEF}
		{BB57695C-90D5-45E6-A7B5-40EA83AF1507} = {DF3A271A-1B1B-4544-A25F-4A25463798CB}
		{612A8471-FD43-40EF-B071-8CC4418832B0} = {BB57695C-90D5-45E6-A7B5-40EA83AF1507}
		{A6CDD3BE-5232-4F54-9F02-CC1EF9B3830B} = {DF3A271A-1B1B-4544-A25F-4A25463798CB}
		{A39F5774-F79A-4633-B95F-073EB73C511F} = {A6CDD3BE-5232-4F54-9F02-CC1EF9B3830B}
		{91D6DE55-7A11-451A-A7E6-DB2513D7AFDC} = {DF3A271A-1B1B-4544-A25F-4A25463798CB}
		{CC750FAC-8678-4A18-B4F5-46BDBDC03224} = {91D6DE55-7A11-451A-A7E6-DB2513D7AFDC}
		{9F97267E-FEF5-4E23-BB4A-655F5EA4CCE8} = {27BB0FF1-D016-436D-B713-DA0AD16C3BB1}
	EndGlobalSection
	GlobalSection(ExtensibilityGlobals) = postSolution
		SolutionGuid = {59FF252A-37AC-4C16-ADBA-70C61D9A5457}
	EndGlobalSection
EndGlobal
